
Microsoft Visual Studio Solution File, Format Version 12.00
# Visual Studio Version 17
VisualStudioVersion = 17.4.33110.190
MinimumVisualStudioVersion = 10.0.40219.1
Project("{FAE04EC0-301F-11D3-BF4B-00C04F79EFBC}") = "ParamsVetores", "ParamsVetores\ParamsVetores.csproj", "{DEFE1C23-A381-4E23-8502-2182E8CBCAE7}"
EndProject
Global
	GlobalSection(SolutionConfigurationPlatforms) = preSolution
		Debug|Any CPU = Debug|Any CPU
		Release|Any CPU = Release|Any CPU
	EndGlobalSection
	GlobalSection(ProjectConfigurationPlatforms) = postSolution
		{DEFE1C23-A381-4E23-8502-2182E8CBCAE7}.Debug|Any CPU.ActiveCfg = Debug|Any CPU
		{DEFE1C23-A381-4E23-8502-2182E8CBCAE7}.Debug|Any CPU.Build.0 = Debug|Any CPU
		{DEFE1C23-A381-4E23-8502-2182E8CBCAE7}.Release|Any CPU.ActiveCfg = Release|Any CPU
		{DEFE1C23-A381-4E23-8502-2182E8CBCAE7}.Release|Any CPU.Build.0 = Release|Any CPU
	EndGlobalSection
	GlobalSection(SolutionProperties) = preSolution
		HideSolutionNode = FALSE
	EndGlobalSection
	GlobalSection(ExtensibilityGlobals) = postSolution
		SolutionGuid = {38F0E023-14C5-4CE5-A033-C4194DD87D59}
	EndGlobalSection
EndGlobal
