
Microsoft Visual Studio Solution File, Format Version 12.00
# Visual Studio Version 17
VisualStudioVersion = 17.4.33110.190
MinimumVisualStudioVersion = 10.0.40219.1
Project("{FAE04EC0-301F-11D3-BF4B-00C04F79EFBC}") = "Ex02", "Ex02\Ex02.csproj", "{9C989917-0600-4AD3-82A1-BE6C23CCBA12}"
EndProject
Global
	GlobalSection(SolutionConfigurationPlatforms) = preSolution
		Debug|Any CPU = Debug|Any CPU
		Release|Any CPU = Release|Any CPU
	EndGlobalSection
	GlobalSection(ProjectConfigurationPlatforms) = postSolution
		{9C989917-0600-4AD3-82A1-BE6C23CCBA12}.Debug|Any CPU.ActiveCfg = Debug|Any CPU
		{9C989917-0600-4AD3-82A1-BE6C23CCBA12}.Debug|Any CPU.Build.0 = Debug|Any CPU
		{9C989917-0600-4AD3-82A1-BE6C23CCBA12}.Release|Any CPU.ActiveCfg = Release|Any CPU
		{9C989917-0600-4AD3-82A1-BE6C23CCBA12}.Release|Any CPU.Build.0 = Release|Any CPU
	EndGlobalSection
	GlobalSection(SolutionProperties) = preSolution
		HideSolutionNode = FALSE
	EndGlobalSection
	GlobalSection(ExtensibilityGlobals) = postSolution
		SolutionGuid = {8786F0FA-A798-493B-8083-EFCE032CC0DC}
	EndGlobalSection
EndGlobal
